
Microsoft Visual Studio Solution File, Format Version 11.00
# Visual C# Express 2010
Project("{FAE04EC0-301F-11D3-BF4B-00C04F79EFBC}") = "STGCodeChallenge13", "STGCodeChallenge13\STGCodeChallenge13.csproj", "{C4289DB1-DD4C-4A6D-908B-973EA283360A}"
EndProject
Global
	GlobalSection(SolutionConfigurationPlatforms) = preSolution
		Debug|x86 = Debug|x86
		Release|x86 = Release|x86
	EndGlobalSection
	GlobalSection(ProjectConfigurationPlatforms) = postSolution
		{C4289DB1-DD4C-4A6D-908B-973EA283360A}.Debug|x86.ActiveCfg = Debug|x86
		{C4289DB1-DD4C-4A6D-908B-973EA283360A}.Debug|x86.Build.0 = Debug|x86
		{C4289DB1-DD4C-4A6D-908B-973EA283360A}.Release|x86.ActiveCfg = Release|x86
		{C4289DB1-DD4C-4A6D-908B-973EA283360A}.Release|x86.Build.0 = Release|x86
	EndGlobalSection
	GlobalSection(SolutionProperties) = preSolution
		HideSolutionNode = FALSE
	EndGlobalSection
EndGlobal
